DEPENDENCIES
  build-essential (~> 8.1.1)
  java (~> 2.2.0)
  maven (~> 5.2.0)
  mingw (~> 2.1.0)
  ohai (~> 5.2.1)
  seven_zip (~> 3.0.0)
  sudo (~> 5.4.0)
  tomcat (~> 3.0.0)
  users (~> 5.4.0)

GRAPH
  ark (4.0.0)
    build-essential (>= 0.0.0)
    seven_zip (>= 0.0.0)
  build-essential (8.1.1)
    mingw (>= 1.1)
    seven_zip (>= 0.0.0)
  homebrew (5.0.4)
  java (2.2.0)
    homebrew (>= 0.0.0)
    windows (>= 0.0.0)
  maven (5.2.0)
    ark (>= 1.0)
  mingw (2.1.0)
    seven_zip (>= 0.0.0)
  ohai (5.2.3)
  seven_zip (3.0.0)
    windows (>= 0.0.0)
  sudo (5.4.0)
  tomcat (3.0.0)
  users (5.4.0)
  windows (5.0.0)
